
Microsoft Visual Studio Solution File, Format Version 12.00
# Visual Studio Version 16
VisualStudioVersion = 16.0.31019.35
MinimumVisualStudioVersion = 10.0.40219.1
Project("{9A19103F-16F7-4668-BE54-9A1E7A4F7556}") = "IdentityServerDemo", "IdentityServerDemo\IdentityServerDemo.csproj", "{1D553CCE-5533-4700-9F52-2FDEF1F7787C}"
EndProject
Project("{FAE04EC0-301F-11D3-BF4B-00C04F79EFBC}") = "ClientAPI", "ClientAPI\ClientAPI.csproj", "{1B34A257-A417-432F-A4D5-EADAF1988B2F}"
EndProject
Project("{FAE04EC0-301F-11D3-BF4B-00C04F79EFBC}") = "ClientMVC", "ClientMVC\ClientMVC.csproj", "{10DFCCD8-277F-4246-ADCE-E9448D50F2FF}"
EndProject
Global
	GlobalSection(SolutionConfigurationPlatforms) = preSolution
		Debug|Any CPU = Debug|Any CPU
		Release|Any CPU = Release|Any CPU
	EndGlobalSection
	GlobalSection(ProjectConfigurationPlatforms) = postSolution
		{1D553CCE-5533-4700-9F52-2FDEF1F7787C}.Debug|Any CPU.ActiveCfg = Debug|Any CPU
		{1D553CCE-5533-4700-9F52-2FDEF1F7787C}.Debug|Any CPU.Build.0 = Debug|Any CPU
		{1D553CCE-5533-4700-9F52-2FDEF1F7787C}.Release|Any CPU.ActiveCfg = Release|Any CPU
		{1D553CCE-5533-4700-9F52-2FDEF1F7787C}.Release|Any CPU.Build.0 = Release|Any CPU
		{1B34A257-A417-432F-A4D5-EADAF1988B2F}.Debug|Any CPU.ActiveCfg = Debug|Any CPU
		{1B34A257-A417-432F-A4D5-EADAF1988B2F}.Debug|Any CPU.Build.0 = Debug|Any CPU
		{1B34A257-A417-432F-A4D5-EADAF1988B2F}.Release|Any CPU.ActiveCfg = Release|Any CPU
		{1B34A257-A417-432F-A4D5-EADAF1988B2F}.Release|Any CPU.Build.0 = Release|Any CPU
		{10DFCCD8-277F-4246-ADCE-E9448D50F2FF}.Debug|Any CPU.ActiveCfg = Debug|Any CPU
		{10DFCCD8-277F-4246-ADCE-E9448D50F2FF}.Debug|Any CPU.Build.0 = Debug|Any CPU
		{10DFCCD8-277F-4246-ADCE-E9448D50F2FF}.Release|Any CPU.ActiveCfg = Release|Any CPU
		{10DFCCD8-277F-4246-ADCE-E9448D50F2FF}.Release|Any CPU.Build.0 = Release|Any CPU
	EndGlobalSection
	GlobalSection(SolutionProperties) = preSolution
		HideSolutionNode = FALSE
	EndGlobalSection
	GlobalSection(ExtensibilityGlobals) = postSolution
		SolutionGuid = {0976AB3F-C73A-4CDC-B093-F4B17FB668E9}
	EndGlobalSection
EndGlobal
